
Microsoft Visual Studio Solution File, Format Version 12.00
# Visual Studio 14
VisualStudioVersion = 14.0.25420.1
MinimumVisualStudioVersion = 10.0.40219.1
Project("{2150E333-8FDC-42A3-9474-1A3956D46DE8}") = "src", "src", "{2AB870BB-E07E-4EA2-A12A-D4043D9E99BD}"
EndProject
Project("{2150E333-8FDC-42A3-9474-1A3956D46DE8}") = "Solution Items", "Solution Items", "{B807488D-CD2D-4012-B327-19383853197C}"
	ProjectSection(SolutionItems) = preProject
		global.json = global.json
	EndProjectSection
EndProject
Project("{8BB2217D-0F2D-49D1-97BC-3654ED321F3B}") = "SecondHandSpider", "src\WallapopSpider\SecondHandSpider.xproj", "{918F96F8-DFBF-415D-83C3-78E14DC46650}"
EndProject
Project("{8BB2217D-0F2D-49D1-97BC-3654ED321F3B}") = "SecondHandConsole", "src\SecondHandConsole\SecondHandConsole.xproj", "{0272AE2A-89F9-49AC-81D7-35635031F503}"
EndProject
Global
	GlobalSection(SolutionConfigurationPlatforms) = preSolution
		Debug|Any CPU = Debug|Any CPU
		Release|Any CPU = Release|Any CPU
	EndGlobalSection
	GlobalSection(ProjectConfigurationPlatforms) = postSolution
		{918F96F8-DFBF-415D-83C3-78E14DC46650}.Debug|Any CPU.ActiveCfg = Debug|Any CPU
		{918F96F8-DFBF-415D-83C3-78E14DC46650}.Debug|Any CPU.Build.0 = Debug|Any CPU
		{918F96F8-DFBF-415D-83C3-78E14DC46650}.Release|Any CPU.ActiveCfg = Release|Any CPU
		{918F96F8-DFBF-415D-83C3-78E14DC46650}.Release|Any CPU.Build.0 = Release|Any CPU
		{0272AE2A-89F9-49AC-81D7-35635031F503}.Debug|Any CPU.ActiveCfg = Debug|Any CPU
		{0272AE2A-89F9-49AC-81D7-35635031F503}.Debug|Any CPU.Build.0 = Debug|Any CPU
		{0272AE2A-89F9-49AC-81D7-35635031F503}.Release|Any CPU.ActiveCfg = Release|Any CPU
		{0272AE2A-89F9-49AC-81D7-35635031F503}.Release|Any CPU.Build.0 = Release|Any CPU
	EndGlobalSection
	GlobalSection(SolutionProperties) = preSolution
		HideSolutionNode = FALSE
	EndGlobalSection
	GlobalSection(NestedProjects) = preSolution
		{918F96F8-DFBF-415D-83C3-78E14DC46650} = {2AB870BB-E07E-4EA2-A12A-D4043D9E99BD}
		{0272AE2A-89F9-49AC-81D7-35635031F503} = {2AB870BB-E07E-4EA2-A12A-D4043D9E99BD}
	EndGlobalSection
EndGlobal
